
Microsoft Visual Studio Solution File, Format Version 12.00
# Visual Studio Version 17
VisualStudioVersion = 17.10.35122.118
MinimumVisualStudioVersion = 10.0.40219.1
Project("{2150E333-8FDC-42A3-9474-1A3956D46DE8}") = "Source", "Source", "{9BC8891D-4525-47DA-A942-1CF9C7B7F072}"
EndProject
Project("{2150E333-8FDC-42A3-9474-1A3956D46DE8}") = "Core", "Core", "{531DE15B-E064-4F46-83CA-3CC9A3BF54CD}"
EndProject
Project("{2150E333-8FDC-42A3-9474-1A3956D46DE8}") = "Infrastructure", "Infrastructure", "{D575A1A1-43CA-42BD-A90E-515EF8908F40}"
EndProject
Project("{2150E333-8FDC-42A3-9474-1A3956D46DE8}") = "Presentation", "Presentation", "{843A5C98-F302-49A8-A886-2194FF7E0D6D}"
EndProject
Project("{9A19103F-16F7-4668-BE54-9A1E7A4F7556}") = "Domain", "Domain\Domain.csproj", "{E8E754F8-F2F3-4703-817D-F0F434BBC915}"
EndProject
Project("{9A19103F-16F7-4668-BE54-9A1E7A4F7556}") = "Application", "Application\Application.csproj", "{3B5BD03C-F7EB-475C-99C4-8907AEED0E5D}"
EndProject
Project("{9A19103F-16F7-4668-BE54-9A1E7A4F7556}") = "Persistence", "Persistence\Persistence.csproj", "{00495ECA-1BC6-42C5-AD06-6CF9E2366FFB}"
EndProject
Project("{9A19103F-16F7-4668-BE54-9A1E7A4F7556}") = "Shared", "Shared\Shared.csproj", "{342F00B9-F84A-4B35-9737-7646266F96E9}"
EndProject
Project("{9A19103F-16F7-4668-BE54-9A1E7A4F7556}") = "WebApi", "WebApi\WebApi.csproj", "{979F45A3-4D69-45F1-A3A1-AF04FB899E4C}"
EndProject
Project("{FAE04EC0-301F-11D3-BF4B-00C04F79EFBC}") = "Identity", "Identity\Identity.csproj", "{66EF1D3C-828D-402F-9381-ACF8EAD70675}"
EndProject
Global
	GlobalSection(SolutionConfigurationPlatforms) = preSolution
		Debug|Any CPU = Debug|Any CPU
		Release|Any CPU = Release|Any CPU
	EndGlobalSection
	GlobalSection(ProjectConfigurationPlatforms) = postSolution
		{E8E754F8-F2F3-4703-817D-F0F434BBC915}.Debug|Any CPU.ActiveCfg = Debug|Any CPU
		{E8E754F8-F2F3-4703-817D-F0F434BBC915}.Debug|Any CPU.Build.0 = Debug|Any CPU
		{E8E754F8-F2F3-4703-817D-F0F434BBC915}.Release|Any CPU.ActiveCfg = Release|Any CPU
		{E8E754F8-F2F3-4703-817D-F0F434BBC915}.Release|Any CPU.Build.0 = Release|Any CPU
		{3B5BD03C-F7EB-475C-99C4-8907AEED0E5D}.Debug|Any CPU.ActiveCfg = Debug|Any CPU
		{3B5BD03C-F7EB-475C-99C4-8907AEED0E5D}.Debug|Any CPU.Build.0 = Debug|Any CPU
		{3B5BD03C-F7EB-475C-99C4-8907AEED0E5D}.Release|Any CPU.ActiveCfg = Release|Any CPU
		{3B5BD03C-F7EB-475C-99C4-8907AEED0E5D}.Release|Any CPU.Build.0 = Release|Any CPU
		{00495ECA-1BC6-42C5-AD06-6CF9E2366FFB}.Debug|Any CPU.ActiveCfg = Debug|Any CPU
		{00495ECA-1BC6-42C5-AD06-6CF9E2366FFB}.Debug|Any CPU.Build.0 = Debug|Any CPU
		{00495ECA-1BC6-42C5-AD06-6CF9E2366FFB}.Release|Any CPU.ActiveCfg = Release|Any CPU
		{00495ECA-1BC6-42C5-AD06-6CF9E2366FFB}.Release|Any CPU.Build.0 = Release|Any CPU
		{342F00B9-F84A-4B35-9737-7646266F96E9}.Debug|Any CPU.ActiveCfg = Debug|Any CPU
		{342F00B9-F84A-4B35-9737-7646266F96E9}.Debug|Any CPU.Build.0 = Debug|Any CPU
		{342F00B9-F84A-4B35-9737-7646266F96E9}.Release|Any CPU.ActiveCfg = Release|Any CPU
		{342F00B9-F84A-4B35-9737-7646266F96E9}.Release|Any CPU.Build.0 = Release|Any CPU
		{979F45A3-4D69-45F1-A3A1-AF04FB899E4C}.Debug|Any CPU.ActiveCfg = Debug|Any CPU
		{979F45A3-4D69-45F1-A3A1-AF04FB899E4C}.Debug|Any CPU.Build.0 = Debug|Any CPU
		{979F45A3-4D69-45F1-A3A1-AF04FB899E4C}.Release|Any CPU.ActiveCfg = Release|Any CPU
		{979F45A3-4D69-45F1-A3A1-AF04FB899E4C}.Release|Any CPU.Build.0 = Release|Any CPU
		{66EF1D3C-828D-402F-9381-ACF8EAD70675}.Debug|Any CPU.ActiveCfg = Debug|Any CPU
		{66EF1D3C-828D-402F-9381-ACF8EAD70675}.Debug|Any CPU.Build.0 = Debug|Any CPU
		{66EF1D3C-828D-402F-9381-ACF8EAD70675}.Release|Any CPU.ActiveCfg = Release|Any CPU
		{66EF1D3C-828D-402F-9381-ACF8EAD70675}.Release|Any CPU.Build.0 = Release|Any CPU
	EndGlobalSection
	GlobalSection(SolutionProperties) = preSolution
		HideSolutionNode = FALSE
	EndGlobalSection
	GlobalSection(NestedProjects) = preSolution
		{531DE15B-E064-4F46-83CA-3CC9A3BF54CD} = {9BC8891D-4525-47DA-A942-1CF9C7B7F072}
		{D575A1A1-43CA-42BD-A90E-515EF8908F40} = {9BC8891D-4525-47DA-A942-1CF9C7B7F072}
		{843A5C98-F302-49A8-A886-2194FF7E0D6D} = {9BC8891D-4525-47DA-A942-1CF9C7B7F072}
		{E8E754F8-F2F3-4703-817D-F0F434BBC915} = {531DE15B-E064-4F46-83CA-3CC9A3BF54CD}
		{3B5BD03C-F7EB-475C-99C4-8907AEED0E5D} = {531DE15B-E064-4F46-83CA-3CC9A3BF54CD}
		{00495ECA-1BC6-42C5-AD06-6CF9E2366FFB} = {D575A1A1-43CA-42BD-A90E-515EF8908F40}
		{342F00B9-F84A-4B35-9737-7646266F96E9} = {D575A1A1-43CA-42BD-A90E-515EF8908F40}
		{979F45A3-4D69-45F1-A3A1-AF04FB899E4C} = {843A5C98-F302-49A8-A886-2194FF7E0D6D}
		{66EF1D3C-828D-402F-9381-ACF8EAD70675} = {D575A1A1-43CA-42BD-A90E-515EF8908F40}
	EndGlobalSection
	GlobalSection(ExtensibilityGlobals) = postSolution
		SolutionGuid = {EF9AF14D-6678-409E-91E5-3B7835983CD9}
	EndGlobalSection
EndGlobal
